
Microsoft Visual Studio Solution File, Format Version 12.00
# Visual Studio Version 17
VisualStudioVersion = 17.14.36221.1 d17.14
MinimumVisualStudioVersion = 10.0.40219.1
Project("{FAE04EC0-301F-11D3-BF4B-00C04F79EFBC}") = "Luciferas-App", "Luciferas-App.csproj", "{362469C2-8851-4F02-94F7-1CEDA8A56C0C}"
EndProject
Global
	GlobalSection(SolutionConfigurationPlatforms) = preSolution
		Debug|Any CPU = Debug|Any CPU
		Release|Any CPU = Release|Any CPU
	EndGlobalSection
	GlobalSection(ProjectConfigurationPlatforms) = postSolution
		{362469C2-8851-4F02-94F7-1CEDA8A56C0C}.Debug|Any CPU.ActiveCfg = Debug|Any CPU
		{362469C2-8851-4F02-94F7-1CEDA8A56C0C}.Debug|Any CPU.Build.0 = Debug|Any CPU
		{362469C2-8851-4F02-94F7-1CEDA8A56C0C}.Debug|Any CPU.Deploy.0 = Debug|Any CPU
		{362469C2-8851-4F02-94F7-1CEDA8A56C0C}.Release|Any CPU.ActiveCfg = Release|Any CPU
		{362469C2-8851-4F02-94F7-1CEDA8A56C0C}.Release|Any CPU.Build.0 = Release|Any CPU
		{362469C2-8851-4F02-94F7-1CEDA8A56C0C}.Release|Any CPU.Deploy.0 = Release|Any CPU
	EndGlobalSection
	GlobalSection(SolutionProperties) = preSolution
		HideSolutionNode = FALSE
	EndGlobalSection
	GlobalSection(ExtensibilityGlobals) = postSolution
		SolutionGuid = {F60F62E2-20BF-4C0C-9750-AA69AC313F61}
	EndGlobalSection
EndGlobal
